
Microsoft Visual Studio Solution File, Format Version 12.00
# Visual Studio Version 16
VisualStudioVersion = 16.0.28803.352
MinimumVisualStudioVersion = 10.0.40219.1
Project("{FAE04EC0-301F-11D3-BF4B-00C04F79EFBC}") = "Rental_Agreement_APP", "Rental_Agreement_APP\Rental_Agreement_APP.csproj", "{1F213A11-CA94-4808-A258-15D3965F9221}"
EndProject
Global
	GlobalSection(SolutionConfigurationPlatforms) = preSolution
		Debug|Any CPU = Debug|Any CPU
		Release|Any CPU = Release|Any CPU
	EndGlobalSection
	GlobalSection(ProjectConfigurationPlatforms) = postSolution
		{1F213A11-CA94-4808-A258-15D3965F9221}.Debug|Any CPU.ActiveCfg = Debug|Any CPU
		{1F213A11-CA94-4808-A258-15D3965F9221}.Debug|Any CPU.Build.0 = Debug|Any CPU
		{1F213A11-CA94-4808-A258-15D3965F9221}.Release|Any CPU.ActiveCfg = Release|Any CPU
		{1F213A11-CA94-4808-A258-15D3965F9221}.Release|Any CPU.Build.0 = Release|Any CPU
	EndGlobalSection
	GlobalSection(SolutionProperties) = preSolution
		HideSolutionNode = FALSE
	EndGlobalSection
	GlobalSection(ExtensibilityGlobals) = postSolution
		SolutionGuid = {7C3293EB-54E6-43D8-949E-4BF66D734F08}
	EndGlobalSection
EndGlobal
